// !$*UTF8*$!
{
	archiveVersion = 1;
	classes = {
	};
	objectVersion = 46;
	objects = {

/* Begin PBXBuildFile section */
		2C592C8F1BA7FCC100F982F0 /* main.m in Sources */ = {isa = PBXBuildFile; fileRef = 2C592C8E1BA7FCC100F982F0 /* main.m */; };
		2C592C921BA7FCC100F982F0 /* AppDelegate.m in Sources */ = {isa = PBXBuildFile; fileRef = 2C592C911BA7FCC100F982F0 /* AppDelegate.m */; };
		2C592C951BA7FCC100F982F0 /* ViewController.m in Sources */ = {isa = PBXBuildFile; fileRef = 2C592C941BA7FCC100F982F0 /* ViewController.m */; };
		2C592C981BA7FCC100F982F0 /* Main.storyboard in Resources */ = {isa = PBXBuildFile; fileRef = 2C592C961BA7FCC100F982F0 /* Main.storyboard */; };
		2C592C9A1BA7FCC100F982F0 /* Assets.xcassets in Resources */ = {isa = PBXBuildFile; fileRef = 2C592C991BA7FCC100F982F0 /* Assets.xcassets */; };
		2C592C9D1BA7FCC100F982F0 /* LaunchScreen.storyboard in Resources */ = {isa = PBXBuildFile; fileRef = 2C592C9B1BA7FCC100F982F0 /* LaunchScreen.storyboard */; };
		2C592CA81BA7FCC200F982F0 /* JasyerReaderTests.m in Sources */ = {isa = PBXBuildFile; fileRef = 2C592CA71BA7FCC200F982F0 /* JasyerReaderTests.m */; };
		2C592CB31BA7FCC200F982F0 /* JasyerReaderUITests.m in Sources */ = {isa = PBXBuildFile; fileRef = 2C592CB21BA7FCC200F982F0 /* JasyerReaderUITests.m */; };
/* End PBXBuildFile section */

/* Begin PBXContainerItemProxy section */
		2C592CA41BA7FCC100F982F0 /* PBXContainerItemProxy */ = {
			isa = PBXContainerItemProxy;
			containerPortal = 2C592C821BA7FCC100F982F0 /* Project object */;
			proxyType = 1;
			remoteGlobalIDString = 2C592C891BA7FCC100F982F0;
			remoteInfo = JasyerReader;
		};
		2C592CAF1BA7FCC200F982F0 /* PBXContainerItemProxy */ = {
			isa = PBXContainerItemProxy;
			containerPortal = 2C592C821BA7FCC100F982F0 /* Project object */;
			proxyType = 1;
			remoteGlobalIDString = 2C592C891BA7FCC100F982F0;
			remoteInfo = JasyerReader;
		};
/* End PBXContainerItemProxy section */

/* Begin PBXFileReference section */
		2C592C8A1BA7FCC100F982F0 /* JasyerReader.app */ = {isa = PBXFileReference; explicitFileType = wrapper.application; includeInIndex = 0; path = JasyerReader.app; sourceTree = BUILT_PRODUCTS_DIR; };
		2C592C8E1BA7FCC100F982F0 /* main.m */ = {isa = PBXFileReference; lastKnownFileType = sourcecode.c.objc; path = main.m; sourceTree = "<group>"; };
		2C592C901BA7FCC100F982F0 /* AppDelegate.h */ = {isa = PBXFileReference; lastKnownFileType = sourcecode.c.h; path = AppDelegate.h; sourceTree = "<group>"; };
		2C592C911BA7FCC100F982F0 /* AppDelegate.m */ = {isa = PBXFileReference; lastKnownFileType = sourcecode.c.objc; path = AppDelegate.m; sourceTree = "<group>"; };
		2C592C931BA7FCC100F982F0 /* ViewController.h */ = {isa = PBXFileReference; lastKnownFileType = sourcecode.c.h; path = ViewController.h; sourceTree = "<group>"; };
		2C592C941BA7FCC100F982F0 /* ViewController.m */ = {isa = PBXFileReference; lastKnownFileType = sourcecode.c.objc; path = ViewController.m; sourceTree = "<group>"; };
		2C592C971BA7FCC100F982F0 /* Base */ = {isa = PBXFileReference; lastKnownFileType = file.storyboard; name = Base; path = Base.lproj/Main.storyboard; sourceTree = "<group>"; };
		2C592C991BA7FCC100F982F0 /* Assets.xcassets */ = {isa = PBXFileReference; lastKnownFileType = folder.assetcatalog; path = Assets.xcassets; sourceTree = "<group>"; };
		2C592C9C1BA7FCC100F982F0 /* Base */ = {isa = PBXFileReference; lastKnownFileType = file.storyboard; name = Base; path = Base.lproj/LaunchScreen.storyboard; sourceTree = "<group>"; };
		2C592C9E1BA7FCC100F982F0 /* Info.plist */ = {isa = PBXFileReference; lastKnownFileType = text.plist.xml; path = Info.plist; sourceTree = "<group>"; };
		2C592CA31BA7FCC100F982F0 /* JasyerReaderTests.xctest */ = {isa = PBXFileReference; explicitFileType = wrapper.cfbundle; includeInIndex = 0; path = JasyerReaderTests.xctest; sourceTree = BUILT_PRODUCTS_DIR; };
		2C592CA71BA7FCC200F982F0 /* JasyerReaderTests.m */ = {isa = PBXFileReference; lastKnownFileType = sourcecode.c.objc; path = JasyerReaderTests.m; sourceTree = "<group>"; };
		2C592CA91BA7FCC200F982F0 /* Info.plist */ = {isa = PBXFileReference; lastKnownFileType = text.plist.xml; path = Info.plist; sourceTree = "<group>"; };
		2C592CAE1BA7FCC200F982F0 /* JasyerReaderUITests.xctest */ = {isa = PBXFileReference; explicitFileType = wrapper.cfbundle; includeInIndex = 0; path = JasyerReaderUITests.xctest; sourceTree = BUILT_PRODUCTS_DIR; };
		2C592CB21BA7FCC200F982F0 /* JasyerReaderUITests.m */ = {isa = PBXFileReference; lastKnownFileType = sourcecode.c.objc; path = JasyerReaderUITests.m; sourceTree = "<group>"; };
		2C592CB41BA7FCC200F982F0 /* Info.plist */ = {isa = PBXFileReference; lastKnownFileType = text.plist.xml; path = Info.plist; sourceTree = "<group>"; };
/* End PBXFileReference section */

/* Begin PBXFrameworksBuildPhase section */
		2C592C871BA7FCC100F982F0 /* Frameworks */ = {
			isa = PBXFrameworksBuildPhase;
			buildActionMask = 2147483647;
			files = (
			);
			runOnlyForDeploymentPostprocessing = 0;
		};
		2C592CA01BA7FCC100F982F0 /* Frameworks */ = {
			isa = PBXFrameworksBuildPhase;
			buildActionMask = 2147483647;
			files = (
			);
			runOnlyForDeploymentPostprocessing = 0;
		};
		2C592CAB1BA7FCC200F982F0 /* Frameworks */ = {
			isa = PBXFrameworksBuildPhase;
			buildActionMask = 2147483647;
			files = (
			);
			runOnlyForDeploymentPostprocessing = 0;
		};
/* End PBXFrameworksBuildPhase section */

/* Begin PBXGroup section */
		2C592C811BA7FCC100F982F0 = {
			isa = PBXGroup;
			children = (
				2C592C8C1BA7FCC100F982F0 /* JasyerReader */,
				2C592CA61BA7FCC100F982F0 /* JasyerReaderTests */,
				2C592CB11BA7FCC200F982F0 /* JasyerReaderUITests */,
				2C592C8B1BA7FCC100F982F0 /* Products */,
			);
			sourceTree = "<group>";
		};
		2C592C8B1BA7FCC100F982F0 /* Products */ = {
			isa = PBXGroup;
			children = (
				2C592C8A1BA7FCC100F982F0 /* JasyerReader.app */,
				2C592CA31BA7FCC100F982F0 /* JasyerReaderTests.xctest */,
				2C592CAE1BA7FCC200F982F0 /* JasyerReaderUITests.xctest */,
			);
			name = Products;
			sourceTree = "<group>";
		};
		2C592C8C1BA7FCC100F982F0 /* JasyerReader */ = {
			isa = PBXGroup;
			children = (
				2C592C901BA7FCC100F982F0 /* AppDelegate.h */,
				2C592C911BA7FCC100F982F0 /* AppDelegate.m */,
				2C592C931BA7FCC100F982F0 /* ViewController.h */,
				2C592C941BA7FCC100F982F0 /* ViewController.m */,
				2C592C961BA7FCC100F982F0 /* Main.storyboard */,
				2C592C991BA7FCC100F982F0 /* Assets.xcassets */,
				2C592C9B1BA7FCC100F982F0 /* LaunchScreen.storyboard */,
				2C592C9E1BA7FCC100F982F0 /* Info.plist */,
				2C592C8D1BA7FCC100F982F0 /* Supporting Files */,
			);
			path = JasyerReader;
			sourceTree = "<group>";
		};
		2C592C8D1BA7FCC100F982F0 /* Supporting Files */ = {
			isa = PBXGroup;
			children = (
				2C592C8E1BA7FCC100F982F0 /* main.m */,
			);
			name = "Supporting Files";
			sourceTree = "<group>";
		};
		2C592CA61BA7FCC100F982F0 /* JasyerReaderTests */ = {
			isa = PBXGroup;
			children = (
				2C592CA71BA7FCC200F982F0 /* JasyerReaderTests.m */,
				2C592CA91BA7FCC200F982F0 /* Info.plist */,
			);
			path = JasyerReaderTests;
			sourceTree = "<group>";
		};
		2C592CB11BA7FCC200F982F0 /* JasyerReaderUITests */ = {
			isa = PBXGroup;
			children = (
				2C592CB21BA7FCC200F982F0 /* JasyerReaderUITests.m */,
				2C592CB41BA7FCC200F982F0 /* Info.plist */,
			);
			path = JasyerReaderUITests;
			sourceTree = "<group>";
		};
/* End PBXGroup section */

/* Begin PBXNativeTarget section */
		2C592C891BA7FCC100F982F0 /* JasyerReader */ = {
			isa = PBXNativeTarget;
			buildConfigurationList = 2C592CB71BA7FCC200F982F0 /* Build configuration list for PBXNativeTarget "JasyerReader" */;
			buildPhases = (
				2C592C861BA7FCC100F982F0 /* Sources */,
				2C592C871BA7FCC100F982F0 /* Frameworks */,
				2C592C881BA7FCC100F982F0 /* Resources */,
			);
			buildRules = (
			);
			dependencies = (
			);
			name = JasyerReader;
			productName = JasyerReader;
			productReference = 2C592C8A1BA7FCC100F982F0 /* JasyerReader.app */;
			productType = "com.apple.product-type.application";
		};
		2C592CA21BA7FCC100F982F0 /* JasyerReaderTests */ = {
			isa = PBXNativeTarget;
			buildConfigurationList = 2C592CBA1BA7FCC200F982F0 /* Build configuration list for PBXNativeTarget "JasyerReaderTests" */;
			buildPhases = (
				2C592C9F1BA7FCC100F982F0 /* Sources */,
				2C592CA01BA7FCC100F982F0 /* Frameworks */,
				2C592CA11BA7FCC100F982F0 /* Resources */,
			);
			buildRules = (
			);
			dependencies = (
				2C592CA51BA7FCC100F982F0 /* PBXTargetDependency */,
			);
			name = JasyerReaderTests;
			productName = JasyerReaderTests;
			productReference = 2C592CA31BA7FCC100F982F0 /* JasyerReaderTests.xctest */;
			productType = "com.apple.product-type.bundle.unit-test";
		};
		2C592CAD1BA7FCC200F982F0 /* JasyerReaderUITests */ = {
			isa = PBXNativeTarget;
			buildConfigurationList = 2C592CBD1BA7FCC200F982F0 /* Build configuration list for PBXNativeTarget "JasyerReaderUITests" */;
			buildPhases = (
				2C592CAA1BA7FCC200F982F0 /* Sources */,
				2C592CAB1BA7FCC200F982F0 /* Frameworks */,
				2C592CAC1BA7FCC200F982F0 /* Resources */,
			);
			buildRules = (
			);
			dependencies = (
				2C592CB01BA7FCC200F982F0 /* PBXTargetDependency */,
			);
			name = JasyerReaderUITests;
			productName = JasyerReaderUITests;
			productReference = 2C592CAE1BA7FCC200F982F0 /* JasyerReaderUITests.xctest */;
			productType = "com.apple.product-type.bundle.ui-testing";
		};
/* End PBXNativeTarget section */

/* Begin PBXProject section */
		2C592C821BA7FCC100F982F0 /* Project object */ = {
			isa = PBXProject;
			attributes = {
				LastUpgradeCheck = 0700;
				ORGANIZATIONNAME = JiayueYi;
				TargetAttributes = {
					2C592C891BA7FCC100F982F0 = {
						CreatedOnToolsVersion = 7.0;
					};
					2C592CA21BA7FCC100F982F0 = {
						CreatedOnToolsVersion = 7.0;
						TestTargetID = 2C592C891BA7FCC100F982F0;
					};
					2C592CAD1BA7FCC200F982F0 = {
						CreatedOnToolsVersion = 7.0;
						TestTargetID = 2C592C891BA7FCC100F982F0;
					};
				};
			};
			buildConfigurationList = 2C592C851BA7FCC100F982F0 /* Build configuration list for PBXProject "JasyerReader" */;
			compatibilityVersion = "Xcode 3.2";
			developmentRegion = English;
			hasScannedForEncodings = 0;
			knownRegions = (
				en,
				Base,
			);
			mainGroup = 2C592C811BA7FCC100F982F0;
			productRefGroup = 2C592C8B1BA7FCC100F982F0 /* Products */;
			projectDirPath = "";
			projectRoot = "";
			targets = (
				2C592C891BA7FCC100F982F0 /* JasyerReader */,
				2C592CA21BA7FCC100F982F0 /* JasyerReaderTests */,
				2C592CAD1BA7FCC200F982F0 /* JasyerReaderUITests */,
			);
		};
/* End PBXProject section */

/* Begin PBXResourcesBuildPhase section */
		2C592C881BA7FCC100F982F0 /* Resources */ = {
			isa = PBXResourcesBuildPhase;
			buildActionMask = 2147483647;
			files = (
				2C592C9D1BA7FCC100F982F0 /* LaunchScreen.storyboard in Resources */,
				2C592C9A1BA7FCC100F982F0 /* Assets.xcassets in Resources */,
				2C592C981BA7FCC100F982F0 /* Main.storyboard in Resources */,
			);
			runOnlyForDeploymentPostprocessing = 0;
		};
		2C592CA11BA7FCC100F982F0 /* Resources */ = {
			isa = PBXResourcesBuildPhase;
			buildActionMask = 2147483647;
			files = (
			);
			runOnlyForDeploymentPostprocessing = 0;
		};
		2C592CAC1BA7FCC200F982F0 /* Resources */ = {
			isa = PBXResourcesBuildPhase;
			buildActionMask = 2147483647;
			files = (
			);
			runOnlyForDeploymentPostprocessing = 0;
		};
/* End PBXResourcesBuildPhase section */

/* Begin PBXSourcesBuildPhase section */
		2C592C861BA7FCC100F982F0 /* Sources */ = {
			isa = PBXSourcesBuildPhase;
			buildActionMask = 2147483647;
			files = (
				2C592C951BA7FCC100F982F0 /* ViewController.m in Sources */,
				2C592C921BA7FCC100F982F0 /* AppDelegate.m in Sources */,
				2C592C8F1BA7FCC100F982F0 /* main.m in Sources */,
			);
			runOnlyForDeploymentPostprocessing = 0;
		};
		2C592C9F1BA7FCC100F982F0 /* Sources */ = {
			isa = PBXSourcesBuildPhase;
			buildActionMask = 2147483647;
			files = (
				2C592CA81BA7FCC200F982F0 /* JasyerReaderTests.m in Sources */,
			);
			runOnlyForDeploymentPostprocessing = 0;
		};
		2C592CAA1BA7FCC200F982F0 /* Sources */ = {
			isa = PBXSourcesBuildPhase;
			buildActionMask = 2147483647;
			files = (
				2C592CB31BA7FCC200F982F0 /* JasyerReaderUITests.m in Sources */,
			);
			runOnlyForDeploymentPostprocessing = 0;
		};
/* End PBXSourcesBuildPhase section */

/* Begin PBXTargetDependency section */
		2C592CA51BA7FCC100F982F0 /* PBXTargetDependency */ = {
			isa = PBXTargetDependency;
			target = 2C592C891BA7FCC100F982F0 /* JasyerReader */;
			targetProxy = 2C592CA41BA7FCC100F982F0 /* PBXContainerItemProxy */;
		};
		2C592CB01BA7FCC200F982F0 /* PBXTargetDependency */ = {
			isa = PBXTargetDependency;
			target = 2C592C891BA7FCC100F982F0 /* JasyerReader */;
			targetProxy = 2C592CAF1BA7FCC200F982F0 /* PBXContainerItemProxy */;
		};
/* End PBXTargetDependency section */

/* Begin PBXVariantGroup section */
		2C592C961BA7FCC100F982F0 /* Main.storyboard */ = {
			isa = PBXVariantGroup;
			children = (
				2C592C971BA7FCC100F982F0 /* Base */,
			);
			name = Main.storyboard;
			sourceTree = "<group>";
		};
		2C592C9B1BA7FCC100F982F0 /* LaunchScreen.storyboard */ = {
			isa = PBXVariantGroup;
			children = (
				2C592C9C1BA7FCC100F982F0 /* Base */,
			);
			name = LaunchScreen.storyboard;
			sourceTree = "<group>";
		};
/* End PBXVariantGroup section */

/* Begin XCBuildConfiguration section */
		2C592CB51BA7FCC200F982F0 /* Debug */ = {
			isa = XCBuildConfiguration;
			buildSettings = {
				ALWAYS_SEARCH_USER_PATHS = NO;
				CLANG_CXX_LANGUAGE_STANDARD = "gnu++0x";
				CLANG_CXX_LIBRARY = "libc++";
				CLANG_ENABLE_MODULES = YES;
				CLANG_ENABLE_OBJC_ARC = YES;
				CLANG_WARN_BOOL_CONVERSION = YES;
				CLANG_WARN_CONSTANT_CONVERSION = YES;
				CLANG_WARN_DIRECT_OBJC_ISA_USAGE = YES_ERROR;
				CLANG_WARN_EMPTY_BODY = YES;
				CLANG_WARN_ENUM_CONVERSION = YES;
				CLANG_WARN_INT_CONVERSION = YES;
				CLANG_WARN_OBJC_ROOT_CLASS = YES_ERROR;
				CLANG_WARN_UNREACHABLE_CODE = YES;
				CLANG_WARN__DUPLICATE_METHOD_MATCH = YES;
				"CODE_SIGN_IDENTITY[sdk=iphoneos*]" = "iPhone Developer";
				COPY_PHASE_STRIP = NO;
				DEBUG_INFORMATION_FORMAT = dwarf;
				ENABLE_STRICT_OBJC_MSGSEND = YES;
				ENABLE_TESTABILITY = YES;
				GCC_C_LANGUAGE_STANDARD = gnu99;
				GCC_DYNAMIC_NO_PIC = NO;
				GCC_NO_COMMON_BLOCKS = YES;
				GCC_OPTIMIZATION_LEVEL = 0;
				GCC_PREPROCESSOR_DEFINITIONS = (
					"DEBUG=1",
					"$(inherited)",
				);
				GCC_WARN_64_TO_32_BIT_CONVERSION = YES;
				GCC_WARN_ABOUT_RETURN_TYPE = YES_ERROR;
				GCC_WARN_UNDECLARED_SELECTOR = YES;
				GCC_WARN_UNINITIALIZED_AUTOS = YES_AGGRESSIVE;
				GCC_WARN_UNUSED_FUNCTION = YES;
				GCC_WARN_UNUSED_VARIABLE = YES;
				IPHONEOS_DEPLOYMENT_TARGET = 9.0;
				MTL_ENABLE_DEBUG_INFO = YES;
				ONLY_ACTIVE_ARCH = YES;
				SDKROOT = iphoneos;
				TARGETED_DEVICE_FAMILY = "1,2";
			};
			name = Debug;
		};
		2C592CB61BA7FCC200F982F0 /* Release */ = {
			isa = XCBuildConfiguration;
			buildSettings = {
				ALWAYS_SEARCH_USER_PATHS = NO;
				CLANG_CXX_LANGUAGE_STANDARD = "gnu++0x";
				CLANG_CXX_LIBRARY = "libc++";
				CLANG_ENABLE_MODULES = YES;
				CLANG_ENABLE_OBJC_ARC = YES;
				CLANG_WARN_BOOL_CONVERSION = YES;
				CLANG_WARN_CONSTANT_CONVERSION = YES;
				CLANG_WARN_DIRECT_OBJC_ISA_USAGE = YES_ERROR;
				CLANG_WARN_EMPTY_BODY = YES;
				CLANG_WARN_ENUM_CONVERSION = YES;
				CLANG_WARN_INT_CONVERSION = YES;
				CLANG_WARN_OBJC_ROOT_CLASS = YES_ERROR;
				CLANG_WARN_UNREACHABLE_CODE = YES;
				CLANG_WARN__DUPLICATE_METHOD_MATCH = YES;
				"CODE_SIGN_IDENTITY[sdk=iphoneos*]" = "iPhone Developer";
				COPY_PHASE_STRIP = NO;
				DEBUG_INFORMATION_FORMAT = "dwarf-with-dsym";
				ENABLE_NS_ASSERTIONS = NO;
				ENABLE_STRICT_OBJC_MSGSEND = YES;
				GCC_C_LANGUAGE_STANDARD = gnu99;
				GCC_NO_COMMON_BLOCKS = YES;
				GCC_WARN_64_TO_32_BIT_CONVERSION = YES;
				GCC_WARN_ABOUT_RETURN_TYPE = YES_ERROR;
				GCC_WARN_UNDECLARED_SELECTOR = YES;
				GCC_WARN_UNINITIALIZED_AUTOS = YES_AGGRESSIVE;
				GCC_WARN_UNUSED_FUNCTION = YES;
				GCC_WARN_UNUSED_VARIABLE = YES;
				IPHONEOS_DEPLOYMENT_TARGET = 9.0;
				MTL_ENABLE_DEBUG_INFO = NO;
				SDKROOT = iphoneos;
				TARGETED_DEVICE_FAMILY = "1,2";
				VALIDATE_PRODUCT = YES;
			};
			name = Release;
		};
		2C592CB81BA7FCC200F982F0 /* Debug */ = {
			isa = XCBuildConfiguration;
			buildSettings = {
				ASSETCATALOG_COMPILER_APPICON_NAME = AppIcon;
				INFOPLIST_FILE = JasyerReader/Info.plist;
				LD_RUNPATH_SEARCH_PATHS = "$(inherited) @executable_path/Frameworks";
				PRODUCT_BUNDLE_IDENTIFIER = com.jiayueyi.JasyerReader;
				PRODUCT_NAME = "$(TARGET_NAME)";
			};
			name = Debug;
		};
		2C592CB91BA7FCC200F982F0 /* Release */ = {
			isa = XCBuildConfiguration;
			buildSettings = {
				ASSETCATALOG_COMPILER_APPICON_NAME = AppIcon;
				INFOPLIST_FILE = JasyerReader/Info.plist;
				LD_RUNPATH_SEARCH_PATHS = "$(inherited) @executable_path/Frameworks";
				PRODUCT_BUNDLE_IDENTIFIER = com.jiayueyi.JasyerReader;
				PRODUCT_NAME = "$(TARGET_NAME)";
			};
			name = Release;
		};
		2C592CBB1BA7FCC200F982F0 /* Debug */ = {
			isa = XCBuildConfiguration;
			buildSettings = {
				BUNDLE_LOADER = "$(TEST_HOST)";
				INFOPLIST_FILE = JasyerReaderTests/Info.plist;
				LD_RUNPATH_SEARCH_PATHS = "$(inherited) @executable_path/Frameworks @loader_path/Frameworks";
				PRODUCT_BUNDLE_IDENTIFIER = com.jiayueyi.JasyerReaderTests;
				PRODUCT_NAME = "$(TARGET_NAME)";
				TEST_HOST = "$(BUILT_PRODUCTS_DIR)/JasyerReader.app/JasyerReader";
			};
			name = Debug;
		};
		2C592CBC1BA7FCC200F982F0 /* Release */ = {
			isa = XCBuildConfiguration;
			buildSettings = {
				BUNDLE_LOADER = "$(TEST_HOST)";
				INFOPLIST_FILE = JasyerReaderTests/Info.plist;
				LD_RUNPATH_SEARCH_PATHS = "$(inherited) @executable_path/Frameworks @loader_path/Frameworks";
				PRODUCT_BUNDLE_IDENTIFIER = com.jiayueyi.JasyerReaderTests;
				PRODUCT_NAME = "$(TARGET_NAME)";
				TEST_HOST = "$(BUILT_PRODUCTS_DIR)/JasyerReader.app/JasyerReader";
			};
			name = Release;
		};
		2C592CBE1BA7FCC200F982F0 /* Debug */ = {
			isa = XCBuildConfiguration;
			buildSettings = {
				INFOPLIST_FILE = JasyerReaderUITests/Info.plist;
				LD_RUNPATH_SEARCH_PATHS = "$(inherited) @executable_path/Frameworks @loader_path/Frameworks";
				PRODUCT_BUNDLE_IDENTIFIER = com.jiayueyi.JasyerReaderUITests;
				PRODUCT_NAME = "$(TARGET_NAME)";
				TEST_TARGET_NAME = JasyerReader;
				USES_XCTRUNNER = YES;
			};
			name = Debug;
		};
		2C592CBF1BA7FCC200F982F0 /* Release */ = {
			isa = XCBuildConfiguration;
			buildSettings = {
				INFOPLIST_FILE = JasyerReaderUITests/Info.plist;
				LD_RUNPATH_SEARCH_PATHS = "$(inherited) @executable_path/Frameworks @loader_path/Frameworks";
				PRODUCT_BUNDLE_IDENTIFIER = com.jiayueyi.JasyerReaderUITests;
				PRODUCT_NAME = "$(TARGET_NAME)";
				TEST_TARGET_NAME = JasyerReader;
				USES_XCTRUNNER = YES;
			};
			name = Release;
		};
/* End XCBuildConfiguration section */

/* Begin XCConfigurationList section */
		2C592C851BA7FCC100F982F0 /* Build configuration list for PBXProject "JasyerReader" */ = {
			isa = XCConfigurationList;
			buildConfigurations = (
				2C592CB51BA7FCC200F982F0 /* Debug */,
				2C592CB61BA7FCC200F982F0 /* Release */,
			);
			defaultConfigurationIsVisible = 0;
			defaultConfigurationName = Release;
		};
		2C592CB71BA7FCC200F982F0 /* Build configuration list for PBXNativeTarget "JasyerReader" */ = {
			isa = XCConfigurationList;
			buildConfigurations = (
				2C592CB81BA7FCC200F982F0 /* Debug */,
				2C592CB91BA7FCC200F982F0 /* Release */,
			);
			defaultConfigurationIsVisible = 0;
		};
		2C592CBA1BA7FCC200F982F0 /* Build configuration list for PBXNativeTarget "JasyerReaderTests" */ = {
			isa = XCConfigurationList;
			buildConfigurations = (
				2C592CBB1BA7FCC200F982F0 /* Debug */,
				2C592CBC1BA7FCC200F982F0 /* Release */,
			);
			defaultConfigurationIsVisible = 0;
		};
		2C592CBD1BA7FCC200F982F0 /* Build configuration list for PBXNativeTarget "JasyerReaderUITests" */ = {
			isa = XCConfigurationList;
			buildConfigurations = (
				2C592CBE1BA7FCC200F982F0 /* Debug */,
				2C592CBF1BA7FCC200F982F0 /* Release */,
			);
			defaultConfigurationIsVisible = 0;
		};
/* End XCConfigurationList section */
	};
	rootObject = 2C592C821BA7FCC100F982F0 /* Project object */;
}
